
Microsoft Visual Studio Solution File, Format Version 12.00
# Visual Studio Version 17
VisualStudioVersion = 17.5.002.0
MinimumVisualStudioVersion = 10.0.40219.1
Project("{9A19103F-16F7-4668-BE54-9A1E7A4F7556}") = "FontPatcher", "FontPatcher.csproj", "{3341FED1-F558-4258-AA2D-968DA696D2A0}"
EndProject
Global
	GlobalSection(SolutionConfigurationPlatforms) = preSolution
		Debug|Any CPU = Debug|Any CPU
		Release|Any CPU = Release|Any CPU
	EndGlobalSection
	GlobalSection(ProjectConfigurationPlatforms) = postSolution
		{3341FED1-F558-4258-AA2D-968DA696D2A0}.Debug|Any CPU.ActiveCfg = Debug|Any CPU
		{3341FED1-F558-4258-AA2D-968DA696D2A0}.Debug|Any CPU.Build.0 = Debug|Any CPU
		{3341FED1-F558-4258-AA2D-968DA696D2A0}.Release|Any CPU.ActiveCfg = Release|Any CPU
		{3341FED1-F558-4258-AA2D-968DA696D2A0}.Release|Any CPU.Build.0 = Release|Any CPU
	EndGlobalSection
	GlobalSection(SolutionProperties) = preSolution
		HideSolutionNode = FALSE
	EndGlobalSection
	GlobalSection(ExtensibilityGlobals) = postSolution
		SolutionGuid = {6060550A-807F-466F-92F5-E72D3D62E036}
	EndGlobalSection
EndGlobal
